
Microsoft Visual Studio Solution File, Format Version 12.00
# Visual Studio 2012
Project("{CC5FD16D-436D-48AD-A40C-5A424C6E3E79}") = "WebApiWorker", "WebApiWorker.ccproj", "{CD5BB625-CFB0-423D-92A9-F9BD352D181F}"
EndProject
Project("{FAE04EC0-301F-11D3-BF4B-00C04F79EFBC}") = "WorkerRole1", "WorkerRole1\WorkerRole1.csproj", "{9F823255-E0B9-485A-9696-2AEA73F00457}"
EndProject
Global
	GlobalSection(SolutionConfigurationPlatforms) = preSolution
		Debug|Any CPU = Debug|Any CPU
		Release|Any CPU = Release|Any CPU
	EndGlobalSection
	GlobalSection(ProjectConfigurationPlatforms) = postSolution
		{CD5BB625-CFB0-423D-92A9-F9BD352D181F}.Debug|Any CPU.ActiveCfg = Debug|Any CPU
		{CD5BB625-CFB0-423D-92A9-F9BD352D181F}.Debug|Any CPU.Build.0 = Debug|Any CPU
		{CD5BB625-CFB0-423D-92A9-F9BD352D181F}.Release|Any CPU.ActiveCfg = Release|Any CPU
		{CD5BB625-CFB0-423D-92A9-F9BD352D181F}.Release|Any CPU.Build.0 = Release|Any CPU
		{9F823255-E0B9-485A-9696-2AEA73F00457}.Debug|Any CPU.ActiveCfg = Debug|Any CPU
		{9F823255-E0B9-485A-9696-2AEA73F00457}.Debug|Any CPU.Build.0 = Debug|Any CPU
		{9F823255-E0B9-485A-9696-2AEA73F00457}.Release|Any CPU.ActiveCfg = Release|Any CPU
		{9F823255-E0B9-485A-9696-2AEA73F00457}.Release|Any CPU.Build.0 = Release|Any CPU
	EndGlobalSection
	GlobalSection(SolutionProperties) = preSolution
		HideSolutionNode = FALSE
	EndGlobalSection
EndGlobal
